
Microsoft Visual Studio Solution File, Format Version 12.00
Project("{FAE04EC0-301F-11D3-BF4B-00C04F79EFBC}") = "StronglyTypedIds.EFConverters", "StronglyTypedIds.EFConverters.csproj", "{5566711D-E2E0-4471-89C1-A7BD54CCF9FE}"
EndProject
Global
	GlobalSection(SolutionConfigurationPlatforms) = preSolution
		Debug|Any CPU = Debug|Any CPU
		Release|Any CPU = Release|Any CPU
	EndGlobalSection
	GlobalSection(ProjectConfigurationPlatforms) = postSolution
		{5566711D-E2E0-4471-89C1-A7BD54CCF9FE}.Debug|Any CPU.ActiveCfg = Debug|Any CPU
		{5566711D-E2E0-4471-89C1-A7BD54CCF9FE}.Debug|Any CPU.Build.0 = Debug|Any CPU
		{5566711D-E2E0-4471-89C1-A7BD54CCF9FE}.Release|Any CPU.ActiveCfg = Release|Any CPU
		{5566711D-E2E0-4471-89C1-A7BD54CCF9FE}.Release|Any CPU.Build.0 = Release|Any CPU
	EndGlobalSection
EndGlobal
